
Microsoft Visual Studio Solution File, Format Version 12.00
# Visual Studio 15
VisualStudioVersion = 15.0.27130.2020
MinimumVisualStudioVersion = 10.0.40219.1
Project("{9A19103F-16F7-4668-BE54-9A1E7A4F7556}") = "WebApp", "WebApp\WebApp.csproj", "{DE698925-7E35-43E5-AD9E-3C6A5AFF6D98}"
EndProject
Project("{9A19103F-16F7-4668-BE54-9A1E7A4F7556}") = "KafkaLib", "KafkaLib\KafkaLib.csproj", "{94575A7B-463C-4942-B74D-12A99BDEB26E}"
EndProject
Project("{9A19103F-16F7-4668-BE54-9A1E7A4F7556}") = "ClickEventService", "ClickEventService\ClickEventService.csproj", "{52A6597C-2E34-4FAC-89EE-EA20176457B1}"
EndProject
Project("{9A19103F-16F7-4668-BE54-9A1E7A4F7556}") = "ConsumerWebApp", "ConsumerWebApp\ConsumerWebApp.csproj", "{196D8FCC-423B-492C-88BC-055FA3B97B8E}"
EndProject
Global
	GlobalSection(SolutionConfigurationPlatforms) = preSolution
		Debug|Any CPU = Debug|Any CPU
		Release|Any CPU = Release|Any CPU
	EndGlobalSection
	GlobalSection(ProjectConfigurationPlatforms) = postSolution
		{DE698925-7E35-43E5-AD9E-3C6A5AFF6D98}.Debug|Any CPU.ActiveCfg = Debug|Any CPU
		{DE698925-7E35-43E5-AD9E-3C6A5AFF6D98}.Debug|Any CPU.Build.0 = Debug|Any CPU
		{DE698925-7E35-43E5-AD9E-3C6A5AFF6D98}.Release|Any CPU.ActiveCfg = Release|Any CPU
		{DE698925-7E35-43E5-AD9E-3C6A5AFF6D98}.Release|Any CPU.Build.0 = Release|Any CPU
		{94575A7B-463C-4942-B74D-12A99BDEB26E}.Debug|Any CPU.ActiveCfg = Debug|Any CPU
		{94575A7B-463C-4942-B74D-12A99BDEB26E}.Debug|Any CPU.Build.0 = Debug|Any CPU
		{94575A7B-463C-4942-B74D-12A99BDEB26E}.Release|Any CPU.ActiveCfg = Release|Any CPU
		{94575A7B-463C-4942-B74D-12A99BDEB26E}.Release|Any CPU.Build.0 = Release|Any CPU
		{52A6597C-2E34-4FAC-89EE-EA20176457B1}.Debug|Any CPU.ActiveCfg = Debug|Any CPU
		{52A6597C-2E34-4FAC-89EE-EA20176457B1}.Debug|Any CPU.Build.0 = Debug|Any CPU
		{52A6597C-2E34-4FAC-89EE-EA20176457B1}.Release|Any CPU.ActiveCfg = Release|Any CPU
		{52A6597C-2E34-4FAC-89EE-EA20176457B1}.Release|Any CPU.Build.0 = Release|Any CPU
		{196D8FCC-423B-492C-88BC-055FA3B97B8E}.Debug|Any CPU.ActiveCfg = Debug|Any CPU
		{196D8FCC-423B-492C-88BC-055FA3B97B8E}.Debug|Any CPU.Build.0 = Debug|Any CPU
		{196D8FCC-423B-492C-88BC-055FA3B97B8E}.Release|Any CPU.ActiveCfg = Release|Any CPU
		{196D8FCC-423B-492C-88BC-055FA3B97B8E}.Release|Any CPU.Build.0 = Release|Any CPU
	EndGlobalSection
	GlobalSection(SolutionProperties) = preSolution
		HideSolutionNode = FALSE
	EndGlobalSection
	GlobalSection(ExtensibilityGlobals) = postSolution
		SolutionGuid = {86040847-30C7-4C8C-90CC-6A925D32A842}
	EndGlobalSection
EndGlobal
